PODS:
  - Flutter (1.0.0)
  - integration_test (0.0.1):
    - Flutter
  - orgacare_reader_sdk (0.0.1):
    - Flutter

DEPENDENCIES:
  - Flutter (from `Flutter`)
  - integration_test (from `.symlinks/plugins/integration_test/ios`)
  - orgacare_reader_sdk (from `.symlinks/plugins/orgacare_reader_sdk/ios`)

EXTERNAL SOURCES:
  Flutter:
    :path: Flutter
  integration_test:
    :path: ".symlinks/plugins/integration_test/ios"
  orgacare_reader_sdk:
    :path: ".symlinks/plugins/orgacare_reader_sdk/ios"

SPEC CHECKSUMS:
  Flutter: e0871f40cf51350855a761d2e70bf5af5b9b5de7
  integration_test: ce0a3ffa1de96d1a89ca0ac26fca7ea18a749ef4
  orgacare_reader_sdk: db62a9d60a0b6718da85da8cc398343e483b77f9

PODFILE CHECKSUM: 819463e6a0290f5a72f145ba7cde16e8b6ef0796

COCOAPODS: 1.14.3
